// !$*UTF8*$!
{
	archiveVersion = 1;
	classes = {
	};
	objectVersion = 50;
	objects = {

/* Begin PBXBuildFile section */
		07FD1E98210D6523006ECA6C /* AppDelegate.swift in Sources */ = {isa = PBXBuildFile; fileRef = 07FD1E97210D6523006ECA6C /* AppDelegate.swift */; };
		07FD1E9A210D6523006ECA6C /* ViewController.swift in Sources */ = {isa = PBXBuildFile; fileRef = 07FD1E99210D6523006ECA6C /* ViewController.swift */; };
		07FD1E9D210D6523006ECA6C /* Main.storyboard in Resources */ = {isa = PBXBuildFile; fileRef = 07FD1E9B210D6523006ECA6C /* Main.storyboard */; };
		07FD1E9F210D6524006ECA6C /* Assets.xcassets in Resources */ = {isa = PBXBuildFile; fileRef = 07FD1E9E210D6524006ECA6C /* Assets.xcassets */; };
		07FD1EA2210D6524006ECA6C /* LaunchScreen.storyboard in Resources */ = {isa = PBXBuildFile; fileRef = 07FD1EA0210D6524006ECA6C /* LaunchScreen.storyboard */; };
		07FD1EAA210D67A3006ECA6C /* secondViewController.swift in Sources */ = {isa = PBXBuildFile; fileRef = 07FD1EA9210D67A3006ECA6C /* secondViewController.swift */; };
/* End PBXBuildFile section */

/* Begin PBXFileReference section */
		07FD1E94210D6523006ECA6C /* learningSegues.app */ = {isa = PBXFileReference; explicitFileType = wrapper.application; includeInIndex = 0; path = learningSegues.app; sourceTree = BUILT_PRODUCTS_DIR; };
		07FD1E97210D6523006ECA6C /* AppDelegate.swift */ = {isa = PBXFileReference; lastKnownFileType = sourcecode.swift; path = AppDelegate.swift; sourceTree = "<group>"; };
		07FD1E99210D6523006ECA6C /* ViewController.swift */ = {isa = PBXFileReference; lastKnownFileType = sourcecode.swift; path = ViewController.swift; sourceTree = "<group>"; };
		07FD1E9C210D6523006ECA6C /* Base */ = {isa = PBXFileReference; lastKnownFileType = file.storyboard; name = Base; path = Base.lproj/Main.storyboard; sourceTree = "<group>"; };
		07FD1E9E210D6524006ECA6C /* Assets.xcassets */ = {isa = PBXFileReference; lastKnownFileType = folder.assetcatalog; path = Assets.xcassets; sourceTree = "<group>"; };
		07FD1EA1210D6524006ECA6C /* Base */ = {isa = PBXFileReference; lastKnownFileType = file.storyboard; name = Base; path = Base.lproj/LaunchScreen.storyboard; sourceTree = "<group>"; };
		07FD1EA3210D6524006ECA6C /* Info.plist */ = {isa = PBXFileReference; lastKnownFileType = text.plist.xml; path = Info.plist; sourceTree = "<group>"; };
		07FD1EA9210D67A3006ECA6C /* secondViewController.swift */ = {isa = PBXFileReference; lastKnownFileType = sourcecode.swift; path = secondViewController.swift; sourceTree = "<group>"; };
/* End PBXFileReference section */

/* Begin PBXFrameworksBuildPhase section */
		07FD1E91210D6523006ECA6C /* Frameworks */ = {
			isa = PBXFrameworksBuildPhase;
			buildActionMask = 2147483647;
			files = (
			);
			runOnlyForDeploymentPostprocessing = 0;
		};
/* End PBXFrameworksBuildPhase section */

/* Begin PBXGroup section */
		07FD1E8B210D6523006ECA6C = {
			isa = PBXGroup;
			children = (
				07FD1E96210D6523006ECA6C /* learningSegues */,
				07FD1E95210D6523006ECA6C /* Products */,
			);
			sourceTree = "<group>";
		};
		07FD1E95210D6523006ECA6C /* Products */ = {
			isa = PBXGroup;
			children = (
				07FD1E94210D6523006ECA6C /* learningSegues.app */,
			);
			name = Products;
			sourceTree = "<group>";
		};
		07FD1E96210D6523006ECA6C /* learningSegues */ = {
			isa = PBXGroup;
			children = (
				07FD1E97210D6523006ECA6C /* AppDelegate.swift */,
				07FD1E99210D6523006ECA6C /* ViewController.swift */,
				07FD1E9B210D6523006ECA6C /* Main.storyboard */,
				07FD1E9E210D6524006ECA6C /* Assets.xcassets */,
				07FD1EA0210D6524006ECA6C /* LaunchScreen.storyboard */,
				07FD1EA3210D6524006ECA6C /* Info.plist */,
				07FD1EA9210D67A3006ECA6C /* secondViewController.swift */,
			);
			path = learningSegues;
			sourceTree = "<group>";
		};
/* End PBXGroup section */

/* Begin PBXNativeTarget section */
		07FD1E93210D6523006ECA6C /* learningSegues */ = {
			isa = PBXNativeTarget;
			buildConfigurationList = 07FD1EA6210D6524006ECA6C /* Build configuration list for PBXNativeTarget "learningSegues" */;
			buildPhases = (
				07FD1E90210D6523006ECA6C /* Sources */,
				07FD1E91210D6523006ECA6C /* Frameworks */,
				07FD1E92210D6523006ECA6C /* Resources */,
			);
			buildRules = (
			);
			dependencies = (
			);
			name = learningSegues;
			productName = learningSegues;
			productReference = 07FD1E94210D6523006ECA6C /* learningSegues.app */;
			productType = "com.apple.product-type.application";
		};
/* End PBXNativeTarget section */

/* Begin PBXProject section */
		07FD1E8C210D6523006ECA6C /* Project object */ = {
			isa = PBXProject;
			attributes = {
				LastSwiftUpdateCheck = 0940;
				LastUpgradeCheck = 0940;
				ORGANIZATIONNAME = "Piyush Gupta";
				TargetAttributes = {
					07FD1E93210D6523006ECA6C = {
						CreatedOnToolsVersion = 9.4.1;
					};
				};
			};
			buildConfigurationList = 07FD1E8F210D6523006ECA6C /* Build configuration list for PBXProject "learningSegues" */;
			compatibilityVersion = "Xcode 9.3";
			developmentRegion = en;
			hasScannedForEncodings = 0;
			knownRegions = (
				en,
				Base,
			);
			mainGroup = 07FD1E8B210D6523006ECA6C;
			productRefGroup = 07FD1E95210D6523006ECA6C /* Products */;
			projectDirPath = "";
			projectRoot = "";
			targets = (
				07FD1E93210D6523006ECA6C /* learningSegues */,
			);
		};
/* End PBXProject section */

/* Begin PBXResourcesBuildPhase section */
		07FD1E92210D6523006ECA6C /* Resources */ = {
			isa = PBXResourcesBuildPhase;
			buildActionMask = 2147483647;
			files = (
				07FD1EA2210D6524006ECA6C /* LaunchScreen.storyboard in Resources */,
				07FD1E9F210D6524006ECA6C /* Assets.xcassets in Resources */,
				07FD1E9D210D6523006ECA6C /* Main.storyboard in Resources */,
			);
			runOnlyForDeploymentPostprocessing = 0;
		};
/* End PBXResourcesBuildPhase section */

/* Begin PBXSourcesBuildPhase section */
		07FD1E90210D6523006ECA6C /* Sources */ = {
			isa = PBXSourcesBuildPhase;
			buildActionMask = 2147483647;
			files = (
				07FD1E9A210D6523006ECA6C /* ViewController.swift in Sources */,
				07FD1EAA210D67A3006ECA6C /* secondViewController.swift in Sources */,
				07FD1E98210D6523006ECA6C /* AppDelegate.swift in Sources */,
			);
			runOnlyForDeploymentPostprocessing = 0;
		};
/* End PBXSourcesBuildPhase section */

/* Begin PBXVariantGroup section */
		07FD1E9B210D6523006ECA6C /* Main.storyboard */ = {
			isa = PBXVariantGroup;
			children = (
				07FD1E9C210D6523006ECA6C /* Base */,
			);
			name = Main.storyboard;
			sourceTree = "<group>";
		};
		07FD1EA0210D6524006ECA6C /* LaunchScreen.storyboard */ = {
			isa = PBXVariantGroup;
			children = (
				07FD1EA1210D6524006ECA6C /* Base */,
			);
			name = LaunchScreen.storyboard;
			sourceTree = "<group>";
		};
/* End PBXVariantGroup section */

/* Begin XCBuildConfiguration section */
		07FD1EA4210D6524006ECA6C /* Debug */ = {
			isa = XCBuildConfiguration;
			buildSettings = {
				ALWAYS_SEARCH_USER_PATHS = NO;
				CLANG_ANALYZER_NONNULL = YES;
				CLANG_ANALYZER_NUMBER_OBJECT_CONVERSION = YES_AGGRESSIVE;
				CLANG_CXX_LANGUAGE_STANDARD = "gnu++14";
				CLANG_CXX_LIBRARY = "libc++";
				CLANG_ENABLE_MODULES = YES;
				CLANG_ENABLE_OBJC_ARC = YES;
				CLANG_ENABLE_OBJC_WEAK = YES;
				CLANG_WARN_BLOCK_CAPTURE_AUTORELEASING = YES;
				CLANG_WARN_BOOL_CONVERSION = YES;
				CLANG_WARN_COMMA = YES;
				CLANG_WARN_CONSTANT_CONVERSION = YES;
				CLANG_WARN_DEPRECATED_OBJC_IMPLEMENTATIONS = YES;
				CLANG_WARN_DIRECT_OBJC_ISA_USAGE = YES_ERROR;
				CLANG_WARN_DOCUMENTATION_COMMENTS = YES;
				CLANG_WARN_EMPTY_BODY = YES;
				CLANG_WARN_ENUM_CONVERSION = YES;
				CLANG_WARN_INFINITE_RECURSION = YES;
				CLANG_WARN_INT_CONVERSION = YES;
				CLANG_WARN_NON_LITERAL_NULL_CONVERSION = YES;
				CLANG_WARN_OBJC_IMPLICIT_RETAIN_SELF = YES;
				CLANG_WARN_OBJC_LITERAL_CONVERSION = YES;
				CLANG_WARN_OBJC_ROOT_CLASS = YES_ERROR;
				CLANG_WARN_RANGE_LOOP_ANALYSIS = YES;
				CLANG_WARN_STRICT_PROTOTYPES = YES;
				CLANG_WARN_SUSPICIOUS_MOVE = YES;
				CLANG_WARN_UNGUARDED_AVAILABILITY = YES_AGGRESSIVE;
				CLANG_WARN_UNREACHABLE_CODE = YES;
				CLANG_WARN__DUPLICATE_METHOD_MATCH = YES;
				CODE_SIGN_IDENTITY = "iPhone Developer";
				COPY_PHASE_STRIP = NO;
				DEBUG_INFORMATION_FORMAT = dwarf;
				ENABLE_STRICT_OBJC_MSGSEND = YES;
				ENABLE_TESTABILITY = YES;
				GCC_C_LANGUAGE_STANDARD = gnu11;
				GCC_DYNAMIC_NO_PIC = NO;
				GCC_NO_COMMON_BLOCKS = YES;
				GCC_OPTIMIZATION_LEVEL = 0;
				GCC_PREPROCESSOR_DEFINITIONS = (
					"DEBUG=1",
					"$(inherited)",
				);
				GCC_WARN_64_TO_32_BIT_CONVERSION = YES;
				GCC_WARN_ABOUT_RETURN_TYPE = YES_ERROR;
				GCC_WARN_UNDECLARED_SELECTOR = YES;
				GCC_WARN_UNINITIALIZED_AUTOS = YES_AGGRESSIVE;
				GCC_WARN_UNUSED_FUNCTION = YES;
				GCC_WARN_UNUSED_VARIABLE = YES;
				IPHONEOS_DEPLOYMENT_TARGET = 11.4;
				MTL_ENABLE_DEBUG_INFO = YES;
				ONLY_ACTIVE_ARCH = YES;
				SDKROOT = iphoneos;
				SWIFT_ACTIVE_COMPILATION_CONDITIONS = DEBUG;
				SWIFT_OPTIMIZATION_LEVEL = "-Onone";
			};
			name = Debug;
		};
		07FD1EA5210D6524006ECA6C /* Release */ = {
			isa = XCBuildConfiguration;
			buildSettings = {
				ALWAYS_SEARCH_USER_PATHS = NO;
				CLANG_ANALYZER_NONNULL = YES;
				CLANG_ANALYZER_NUMBER_OBJECT_CONVERSION = YES_AGGRESSIVE;
				CLANG_CXX_LANGUAGE_STANDARD = "gnu++14";
				CLANG_CXX_LIBRARY = "libc++";
				CLANG_ENABLE_MODULES = YES;
				CLANG_ENABLE_OBJC_ARC = YES;
				CLANG_ENABLE_OBJC_WEAK = YES;
				CLANG_WARN_BLOCK_CAPTURE_AUTORELEASING = YES;
				CLANG_WARN_BOOL_CONVERSION = YES;
				CLANG_WARN_COMMA = YES;
				CLANG_WARN_CONSTANT_CONVERSION = YES;
				CLANG_WARN_DEPRECATED_OBJC_IMPLEMENTATIONS = YES;
				CLANG_WARN_DIRECT_OBJC_ISA_USAGE = YES_ERROR;
				CLANG_WARN_DOCUMENTATION_COMMENTS = YES;
				CLANG_WARN_EMPTY_BODY = YES;
				CLANG_WARN_ENUM_CONVERSION = YES;
				CLANG_WARN_INFINITE_RECURSION = YES;
				CLANG_WARN_INT_CONVERSION = YES;
				CLANG_WARN_NON_LITERAL_NULL_CONVERSION = YES;
				CLANG_WARN_OBJC_IMPLICIT_RETAIN_SELF = YES;
				CLANG_WARN_OBJC_LITERAL_CONVERSION = YES;
				CLANG_WARN_OBJC_ROOT_CLASS = YES_ERROR;
				CLANG_WARN_RANGE_LOOP_ANALYSIS = YES;
				CLANG_WARN_STRICT_PROTOTYPES = YES;
				CLANG_WARN_SUSPICIOUS_MOVE = YES;
				CLANG_WARN_UNGUARDED_AVAILABILITY = YES_AGGRESSIVE;
				CLANG_WARN_UNREACHABLE_CODE = YES;
				CLANG_WARN__DUPLICATE_METHOD_MATCH = YES;
				CODE_SIGN_IDENTITY = "iPhone Developer";
				COPY_PHASE_STRIP = NO;
				DEBUG_INFORMATION_FORMAT = "dwarf-with-dsym";
				ENABLE_NS_ASSERTIONS = NO;
				ENABLE_STRICT_OBJC_MSGSEND = YES;
				GCC_C_LANGUAGE_STANDARD = gnu11;
				GCC_NO_COMMON_BLOCKS = YES;
				GCC_WARN_64_TO_32_BIT_CONVERSION = YES;
				GCC_WARN_ABOUT_RETURN_TYPE = YES_ERROR;
				GCC_WARN_UNDECLARED_SELECTOR = YES;
				GCC_WARN_UNINITIALIZED_AUTOS = YES_AGGRESSIVE;
				GCC_WARN_UNUSED_FUNCTION = YES;
				GCC_WARN_UNUSED_VARIABLE = YES;
				IPHONEOS_DEPLOYMENT_TARGET = 11.4;
				MTL_ENABLE_DEBUG_INFO = NO;
				SDKROOT = iphoneos;
				SWIFT_COMPILATION_MODE = wholemodule;
				SWIFT_OPTIMIZATION_LEVEL = "-O";
				VALIDATE_PRODUCT = YES;
			};
			name = Release;
		};
		07FD1EA7210D6524006ECA6C /* Debug */ = {
			isa = XCBuildConfiguration;
			buildSettings = {
				ASSETCATALOG_COMPILER_APPICON_NAME = AppIcon;
				CODE_SIGN_STYLE = Automatic;
				DEVELOPMENT_TEAM = 2K472HN44Q;
				INFOPLIST_FILE = learningSegues/Info.plist;
				IPHONEOS_DEPLOYMENT_TARGET = 11.0;
				LD_RUNPATH_SEARCH_PATHS = (
					"$(inherited)",
					"@executable_path/Frameworks",
				);
				PRODUCT_BUNDLE_IDENTIFIER = com.section13.learningSegues;
				PRODUCT_NAME = "$(TARGET_NAME)";
				SWIFT_VERSION = 4.0;
				TARGETED_DEVICE_FAMILY = "1,2";
			};
			name = Debug;
		};
		07FD1EA8210D6524006ECA6C /* Release */ = {
			isa = XCBuildConfiguration;
			buildSettings = {
				ASSETCATALOG_COMPILER_APPICON_NAME = AppIcon;
				CODE_SIGN_STYLE = Automatic;
				DEVELOPMENT_TEAM = 2K472HN44Q;
				INFOPLIST_FILE = learningSegues/Info.plist;
				IPHONEOS_DEPLOYMENT_TARGET = 11.0;
				LD_RUNPATH_SEARCH_PATHS = (
					"$(inherited)",
					"@executable_path/Frameworks",
				);
				PRODUCT_BUNDLE_IDENTIFIER = com.section13.learningSegues;
				PRODUCT_NAME = "$(TARGET_NAME)";
				SWIFT_VERSION = 4.0;
				TARGETED_DEVICE_FAMILY = "1,2";
			};
			name = Release;
		};
/* End XCBuildConfiguration section */

/* Begin XCConfigurationList section */
		07FD1E8F210D6523006ECA6C /* Build configuration list for PBXProject "learningSegues" */ = {
			isa = XCConfigurationList;
			buildConfigurations = (
				07FD1EA4210D6524006ECA6C /* Debug */,
				07FD1EA5210D6524006ECA6C /* Release */,
			);
			defaultConfigurationIsVisible = 0;
			defaultConfigurationName = Release;
		};
		07FD1EA6210D6524006ECA6C /* Build configuration list for PBXNativeTarget "learningSegues" */ = {
			isa = XCConfigurationList;
			buildConfigurations = (
				07FD1EA7210D6524006ECA6C /* Debug */,
				07FD1EA8210D6524006ECA6C /* Release */,
			);
			defaultConfigurationIsVisible = 0;
			defaultConfigurationName = Release;
		};
/* End XCConfigurationList section */
	};
	rootObject = 07FD1E8C210D6523006ECA6C /* Project object */;
}
