// !$*UTF8*$!
{
	archiveVersion = 1;
	classes = {
	};
	objectVersion = 50;
	objects = {

/* Begin PBXBuildFile section */
		072411E1211AE3B2004CAED0 /* AppDelegate.swift in Sources */ = {isa = PBXBuildFile; fileRef = 072411E0211AE3B2004CAED0 /* AppDelegate.swift */; };
		072411E3211AE3B2004CAED0 /* ViewController.swift in Sources */ = {isa = PBXBuildFile; fileRef = 072411E2211AE3B2004CAED0 /* ViewController.swift */; };
		072411E6211AE3B2004CAED0 /* Main.storyboard in Resources */ = {isa = PBXBuildFile; fileRef = 072411E4211AE3B2004CAED0 /* Main.storyboard */; };
		072411E8211AE3B3004CAED0 /* Assets.xcassets in Resources */ = {isa = PBXBuildFile; fileRef = 072411E7211AE3B3004CAED0 /* Assets.xcassets */; };
		072411EB211AE3B3004CAED0 /* LaunchScreen.storyboard in Resources */ = {isa = PBXBuildFile; fileRef = 072411E9211AE3B3004CAED0 /* LaunchScreen.storyboard */; };
		072411F4211AE642004CAED0 /* Model.xcdatamodeld in Sources */ = {isa = PBXBuildFile; fileRef = 072411F2211AE642004CAED0 /* Model.xcdatamodeld */; };
/* End PBXBuildFile section */

/* Begin PBXFileReference section */
		072411DD211AE3B2004CAED0 /* DBMigration.app */ = {isa = PBXFileReference; explicitFileType = wrapper.application; includeInIndex = 0; path = DBMigration.app; sourceTree = BUILT_PRODUCTS_DIR; };
		072411E0211AE3B2004CAED0 /* AppDelegate.swift */ = {isa = PBXFileReference; lastKnownFileType = sourcecode.swift; path = AppDelegate.swift; sourceTree = "<group>"; };
		072411E2211AE3B2004CAED0 /* ViewController.swift */ = {isa = PBXFileReference; lastKnownFileType = sourcecode.swift; path = ViewController.swift; sourceTree = "<group>"; };
		072411E5211AE3B2004CAED0 /* Base */ = {isa = PBXFileReference; lastKnownFileType = file.storyboard; name = Base; path = Base.lproj/Main.storyboard; sourceTree = "<group>"; };
		072411E7211AE3B3004CAED0 /* Assets.xcassets */ = {isa = PBXFileReference; lastKnownFileType = folder.assetcatalog; path = Assets.xcassets; sourceTree = "<group>"; };
		072411EA211AE3B3004CAED0 /* Base */ = {isa = PBXFileReference; lastKnownFileType = file.storyboard; name = Base; path = Base.lproj/LaunchScreen.storyboard; sourceTree = "<group>"; };
		072411EC211AE3B3004CAED0 /* Info.plist */ = {isa = PBXFileReference; lastKnownFileType = text.plist.xml; path = Info.plist; sourceTree = "<group>"; };
		072411F3211AE642004CAED0 /* Model.xcdatamodel */ = {isa = PBXFileReference; lastKnownFileType = wrapper.xcdatamodel; path = Model.xcdatamodel; sourceTree = "<group>"; };
/* End PBXFileReference section */

/* Begin PBXFrameworksBuildPhase section */
		072411DA211AE3B2004CAED0 /* Frameworks */ = {
			isa = PBXFrameworksBuildPhase;
			buildActionMask = 2147483647;
			files = (
			);
			runOnlyForDeploymentPostprocessing = 0;
		};
/* End PBXFrameworksBuildPhase section */

/* Begin PBXGroup section */
		072411D4211AE3B2004CAED0 = {
			isa = PBXGroup;
			children = (
				072411DF211AE3B2004CAED0 /* DBMigration */,
				072411DE211AE3B2004CAED0 /* Products */,
			);
			sourceTree = "<group>";
		};
		072411DE211AE3B2004CAED0 /* Products */ = {
			isa = PBXGroup;
			children = (
				072411DD211AE3B2004CAED0 /* DBMigration.app */,
			);
			name = Products;
			sourceTree = "<group>";
		};
		072411DF211AE3B2004CAED0 /* DBMigration */ = {
			isa = PBXGroup;
			children = (
				072411E0211AE3B2004CAED0 /* AppDelegate.swift */,
				072411E2211AE3B2004CAED0 /* ViewController.swift */,
				072411E4211AE3B2004CAED0 /* Main.storyboard */,
				072411E7211AE3B3004CAED0 /* Assets.xcassets */,
				072411E9211AE3B3004CAED0 /* LaunchScreen.storyboard */,
				072411EC211AE3B3004CAED0 /* Info.plist */,
				072411F2211AE642004CAED0 /* Model.xcdatamodeld */,
			);
			path = DBMigration;
			sourceTree = "<group>";
		};
/* End PBXGroup section */

/* Begin PBXNativeTarget section */
		072411DC211AE3B2004CAED0 /* DBMigration */ = {
			isa = PBXNativeTarget;
			buildConfigurationList = 072411EF211AE3B3004CAED0 /* Build configuration list for PBXNativeTarget "DBMigration" */;
			buildPhases = (
				072411D9211AE3B2004CAED0 /* Sources */,
				072411DA211AE3B2004CAED0 /* Frameworks */,
				072411DB211AE3B2004CAED0 /* Resources */,
			);
			buildRules = (
			);
			dependencies = (
			);
			name = DBMigration;
			productName = DBMigration;
			productReference = 072411DD211AE3B2004CAED0 /* DBMigration.app */;
			productType = "com.apple.product-type.application";
		};
/* End PBXNativeTarget section */

/* Begin PBXProject section */
		072411D5211AE3B2004CAED0 /* Project object */ = {
			isa = PBXProject;
			attributes = {
				LastSwiftUpdateCheck = 0940;
				LastUpgradeCheck = 0940;
				ORGANIZATIONNAME = "Piyush Gupta";
				TargetAttributes = {
					072411DC211AE3B2004CAED0 = {
						CreatedOnToolsVersion = 9.4.1;
					};
				};
			};
			buildConfigurationList = 072411D8211AE3B2004CAED0 /* Build configuration list for PBXProject "DBMigration" */;
			compatibilityVersion = "Xcode 9.3";
			developmentRegion = en;
			hasScannedForEncodings = 0;
			knownRegions = (
				en,
				Base,
			);
			mainGroup = 072411D4211AE3B2004CAED0;
			productRefGroup = 072411DE211AE3B2004CAED0 /* Products */;
			projectDirPath = "";
			projectRoot = "";
			targets = (
				072411DC211AE3B2004CAED0 /* DBMigration */,
			);
		};
/* End PBXProject section */

/* Begin PBXResourcesBuildPhase section */
		072411DB211AE3B2004CAED0 /* Resources */ = {
			isa = PBXResourcesBuildPhase;
			buildActionMask = 2147483647;
			files = (
				072411EB211AE3B3004CAED0 /* LaunchScreen.storyboard in Resources */,
				072411E8211AE3B3004CAED0 /* Assets.xcassets in Resources */,
				072411E6211AE3B2004CAED0 /* Main.storyboard in Resources */,
			);
			runOnlyForDeploymentPostprocessing = 0;
		};
/* End PBXResourcesBuildPhase section */

/* Begin PBXSourcesBuildPhase section */
		072411D9211AE3B2004CAED0 /* Sources */ = {
			isa = PBXSourcesBuildPhase;
			buildActionMask = 2147483647;
			files = (
				072411E3211AE3B2004CAED0 /* ViewController.swift in Sources */,
				072411E1211AE3B2004CAED0 /* AppDelegate.swift in Sources */,
				072411F4211AE642004CAED0 /* Model.xcdatamodeld in Sources */,
			);
			runOnlyForDeploymentPostprocessing = 0;
		};
/* End PBXSourcesBuildPhase section */

/* Begin PBXVariantGroup section */
		072411E4211AE3B2004CAED0 /* Main.storyboard */ = {
			isa = PBXVariantGroup;
			children = (
				072411E5211AE3B2004CAED0 /* Base */,
			);
			name = Main.storyboard;
			sourceTree = "<group>";
		};
		072411E9211AE3B3004CAED0 /* LaunchScreen.storyboard */ = {
			isa = PBXVariantGroup;
			children = (
				072411EA211AE3B3004CAED0 /* Base */,
			);
			name = LaunchScreen.storyboard;
			sourceTree = "<group>";
		};
/* End PBXVariantGroup section */

/* Begin XCBuildConfiguration section */
		072411ED211AE3B3004CAED0 /* Debug */ = {
			isa = XCBuildConfiguration;
			buildSettings = {
				ALWAYS_SEARCH_USER_PATHS = NO;
				CLANG_ANALYZER_NONNULL = YES;
				CLANG_ANALYZER_NUMBER_OBJECT_CONVERSION = YES_AGGRESSIVE;
				CLANG_CXX_LANGUAGE_STANDARD = "gnu++14";
				CLANG_CXX_LIBRARY = "libc++";
				CLANG_ENABLE_MODULES = YES;
				CLANG_ENABLE_OBJC_ARC = YES;
				CLANG_ENABLE_OBJC_WEAK = YES;
				CLANG_WARN_BLOCK_CAPTURE_AUTORELEASING = YES;
				CLANG_WARN_BOOL_CONVERSION = YES;
				CLANG_WARN_COMMA = YES;
				CLANG_WARN_CONSTANT_CONVERSION = YES;
				CLANG_WARN_DEPRECATED_OBJC_IMPLEMENTATIONS = YES;
				CLANG_WARN_DIRECT_OBJC_ISA_USAGE = YES_ERROR;
				CLANG_WARN_DOCUMENTATION_COMMENTS = YES;
				CLANG_WARN_EMPTY_BODY = YES;
				CLANG_WARN_ENUM_CONVERSION = YES;
				CLANG_WARN_INFINITE_RECURSION = YES;
				CLANG_WARN_INT_CONVERSION = YES;
				CLANG_WARN_NON_LITERAL_NULL_CONVERSION = YES;
				CLANG_WARN_OBJC_IMPLICIT_RETAIN_SELF = YES;
				CLANG_WARN_OBJC_LITERAL_CONVERSION = YES;
				CLANG_WARN_OBJC_ROOT_CLASS = YES_ERROR;
				CLANG_WARN_RANGE_LOOP_ANALYSIS = YES;
				CLANG_WARN_STRICT_PROTOTYPES = YES;
				CLANG_WARN_SUSPICIOUS_MOVE = YES;
				CLANG_WARN_UNGUARDED_AVAILABILITY = YES_AGGRESSIVE;
				CLANG_WARN_UNREACHABLE_CODE = YES;
				CLANG_WARN__DUPLICATE_METHOD_MATCH = YES;
				CODE_SIGN_IDENTITY = "iPhone Developer";
				COPY_PHASE_STRIP = NO;
				DEBUG_INFORMATION_FORMAT = dwarf;
				ENABLE_STRICT_OBJC_MSGSEND = YES;
				ENABLE_TESTABILITY = YES;
				GCC_C_LANGUAGE_STANDARD = gnu11;
				GCC_DYNAMIC_NO_PIC = NO;
				GCC_NO_COMMON_BLOCKS = YES;
				GCC_OPTIMIZATION_LEVEL = 0;
				GCC_PREPROCESSOR_DEFINITIONS = (
					"DEBUG=1",
					"$(inherited)",
				);
				GCC_WARN_64_TO_32_BIT_CONVERSION = YES;
				GCC_WARN_ABOUT_RETURN_TYPE = YES_ERROR;
				GCC_WARN_UNDECLARED_SELECTOR = YES;
				GCC_WARN_UNINITIALIZED_AUTOS = YES_AGGRESSIVE;
				GCC_WARN_UNUSED_FUNCTION = YES;
				GCC_WARN_UNUSED_VARIABLE = YES;
				IPHONEOS_DEPLOYMENT_TARGET = 11.4;
				MTL_ENABLE_DEBUG_INFO = YES;
				ONLY_ACTIVE_ARCH = YES;
				SDKROOT = iphoneos;
				SWIFT_ACTIVE_COMPILATION_CONDITIONS = DEBUG;
				SWIFT_OPTIMIZATION_LEVEL = "-Onone";
			};
			name = Debug;
		};
		072411EE211AE3B3004CAED0 /* Release */ = {
			isa = XCBuildConfiguration;
			buildSettings = {
				ALWAYS_SEARCH_USER_PATHS = NO;
				CLANG_ANALYZER_NONNULL = YES;
				CLANG_ANALYZER_NUMBER_OBJECT_CONVERSION = YES_AGGRESSIVE;
				CLANG_CXX_LANGUAGE_STANDARD = "gnu++14";
				CLANG_CXX_LIBRARY = "libc++";
				CLANG_ENABLE_MODULES = YES;
				CLANG_ENABLE_OBJC_ARC = YES;
				CLANG_ENABLE_OBJC_WEAK = YES;
				CLANG_WARN_BLOCK_CAPTURE_AUTORELEASING = YES;
				CLANG_WARN_BOOL_CONVERSION = YES;
				CLANG_WARN_COMMA = YES;
				CLANG_WARN_CONSTANT_CONVERSION = YES;
				CLANG_WARN_DEPRECATED_OBJC_IMPLEMENTATIONS = YES;
				CLANG_WARN_DIRECT_OBJC_ISA_USAGE = YES_ERROR;
				CLANG_WARN_DOCUMENTATION_COMMENTS = YES;
				CLANG_WARN_EMPTY_BODY = YES;
				CLANG_WARN_ENUM_CONVERSION = YES;
				CLANG_WARN_INFINITE_RECURSION = YES;
				CLANG_WARN_INT_CONVERSION = YES;
				CLANG_WARN_NON_LITERAL_NULL_CONVERSION = YES;
				CLANG_WARN_OBJC_IMPLICIT_RETAIN_SELF = YES;
				CLANG_WARN_OBJC_LITERAL_CONVERSION = YES;
				CLANG_WARN_OBJC_ROOT_CLASS = YES_ERROR;
				CLANG_WARN_RANGE_LOOP_ANALYSIS = YES;
				CLANG_WARN_STRICT_PROTOTYPES = YES;
				CLANG_WARN_SUSPICIOUS_MOVE = YES;
				CLANG_WARN_UNGUARDED_AVAILABILITY = YES_AGGRESSIVE;
				CLANG_WARN_UNREACHABLE_CODE = YES;
				CLANG_WARN__DUPLICATE_METHOD_MATCH = YES;
				CODE_SIGN_IDENTITY = "iPhone Developer";
				COPY_PHASE_STRIP = NO;
				DEBUG_INFORMATION_FORMAT = "dwarf-with-dsym";
				ENABLE_NS_ASSERTIONS = NO;
				ENABLE_STRICT_OBJC_MSGSEND = YES;
				GCC_C_LANGUAGE_STANDARD = gnu11;
				GCC_NO_COMMON_BLOCKS = YES;
				GCC_WARN_64_TO_32_BIT_CONVERSION = YES;
				GCC_WARN_ABOUT_RETURN_TYPE = YES_ERROR;
				GCC_WARN_UNDECLARED_SELECTOR = YES;
				GCC_WARN_UNINITIALIZED_AUTOS = YES_AGGRESSIVE;
				GCC_WARN_UNUSED_FUNCTION = YES;
				GCC_WARN_UNUSED_VARIABLE = YES;
				IPHONEOS_DEPLOYMENT_TARGET = 11.4;
				MTL_ENABLE_DEBUG_INFO = NO;
				SDKROOT = iphoneos;
				SWIFT_COMPILATION_MODE = wholemodule;
				SWIFT_OPTIMIZATION_LEVEL = "-O";
				VALIDATE_PRODUCT = YES;
			};
			name = Release;
		};
		072411F0211AE3B3004CAED0 /* Debug */ = {
			isa = XCBuildConfiguration;
			buildSettings = {
				ASSETCATALOG_COMPILER_APPICON_NAME = AppIcon;
				CODE_SIGN_STYLE = Automatic;
				DEVELOPMENT_TEAM = 2K472HN44Q;
				INFOPLIST_FILE = DBMigration/Info.plist;
				IPHONEOS_DEPLOYMENT_TARGET = 11.0;
				LD_RUNPATH_SEARCH_PATHS = (
					"$(inherited)",
					"@executable_path/Frameworks",
				);
				PRODUCT_BUNDLE_IDENTIFIER = com.coredata.DBMigration;
				PRODUCT_NAME = "$(TARGET_NAME)";
				SWIFT_VERSION = 4.0;
				TARGETED_DEVICE_FAMILY = "1,2";
			};
			name = Debug;
		};
		072411F1211AE3B3004CAED0 /* Release */ = {
			isa = XCBuildConfiguration;
			buildSettings = {
				ASSETCATALOG_COMPILER_APPICON_NAME = AppIcon;
				CODE_SIGN_STYLE = Automatic;
				DEVELOPMENT_TEAM = 2K472HN44Q;
				INFOPLIST_FILE = DBMigration/Info.plist;
				IPHONEOS_DEPLOYMENT_TARGET = 11.0;
				LD_RUNPATH_SEARCH_PATHS = (
					"$(inherited)",
					"@executable_path/Frameworks",
				);
				PRODUCT_BUNDLE_IDENTIFIER = com.coredata.DBMigration;
				PRODUCT_NAME = "$(TARGET_NAME)";
				SWIFT_VERSION = 4.0;
				TARGETED_DEVICE_FAMILY = "1,2";
			};
			name = Release;
		};
/* End XCBuildConfiguration section */

/* Begin XCConfigurationList section */
		072411D8211AE3B2004CAED0 /* Build configuration list for PBXProject "DBMigration" */ = {
			isa = XCConfigurationList;
			buildConfigurations = (
				072411ED211AE3B3004CAED0 /* Debug */,
				072411EE211AE3B3004CAED0 /* Release */,
			);
			defaultConfigurationIsVisible = 0;
			defaultConfigurationName = Release;
		};
		072411EF211AE3B3004CAED0 /* Build configuration list for PBXNativeTarget "DBMigration" */ = {
			isa = XCConfigurationList;
			buildConfigurations = (
				072411F0211AE3B3004CAED0 /* Debug */,
				072411F1211AE3B3004CAED0 /* Release */,
			);
			defaultConfigurationIsVisible = 0;
			defaultConfigurationName = Release;
		};
/* End XCConfigurationList section */

/* Begin XCVersionGroup section */
		072411F2211AE642004CAED0 /* Model.xcdatamodeld */ = {
			isa = XCVersionGroup;
			children = (
				072411F3211AE642004CAED0 /* Model.xcdatamodel */,
			);
			currentVersion = 072411F3211AE642004CAED0 /* Model.xcdatamodel */;
			path = Model.xcdatamodeld;
			sourceTree = "<group>";
			versionGroupType = wrapper.xcdatamodel;
		};
/* End XCVersionGroup section */
	};
	rootObject = 072411D5211AE3B2004CAED0 /* Project object */;
}
